
Microsoft Visual Studio Solution File, Format Version 12.00
# Visual Studio 15
VisualStudioVersion = 15.0.27703.2035
MinimumVisualStudioVersion = 10.0.40219.1
Project("{FAE04EC0-301F-11D3-BF4B-00C04F79EFBC}") = "Arrays", "Arrays\Arrays.csproj", "{6F4B1CEA-7D3E-467E-9C9A-21B431E28816}"
EndProject
Global
	GlobalSection(SolutionConfigurationPlatforms) = preSolution
		Debug|Any CPU = Debug|Any CPU
		Release|Any CPU = Release|Any CPU
	EndGlobalSection
	GlobalSection(ProjectConfigurationPlatforms) = postSolution
		{6F4B1CEA-7D3E-467E-9C9A-21B431E28816}.Debug|Any CPU.ActiveCfg = Debug|Any CPU
		{6F4B1CEA-7D3E-467E-9C9A-21B431E28816}.Debug|Any CPU.Build.0 = Debug|Any CPU
		{6F4B1CEA-7D3E-467E-9C9A-21B431E28816}.Release|Any CPU.ActiveCfg = Release|Any CPU
		{6F4B1CEA-7D3E-467E-9C9A-21B431E28816}.Release|Any CPU.Build.0 = Release|Any CPU
	EndGlobalSection
	GlobalSection(SolutionProperties) = preSolution
		HideSolutionNode = FALSE
	EndGlobalSection
	GlobalSection(ExtensibilityGlobals) = postSolution
		SolutionGuid = {93C31217-1C8F-42E8-9521-BCF9C7F6F15F}
	EndGlobalSection
EndGlobal
